
Microsoft Visual Studio Solution File, Format Version 12.00
# Visual Studio Version 17
VisualStudioVersion = 17.7.34202.233
MinimumVisualStudioVersion = 10.0.40219.1
Project("{FAE04EC0-301F-11D3-BF4B-00C04F79EFBC}") = "Web", "Web\Web.csproj", "{8BEA2B7A-C590-4F6B-BF9E-57CCEF232376}"
EndProject
Project("{FAE04EC0-301F-11D3-BF4B-00C04F79EFBC}") = "Service", "Service\Service.csproj", "{9735F40D-910D-40CE-BD0F-0D54CCE1C648}"
EndProject
Project("{FAE04EC0-301F-11D3-BF4B-00C04F79EFBC}") = "Data", "Data\Data.csproj", "{C4C3CF9E-31CC-4C56-86A5-8D364F8484C2}"
EndProject
Global
	GlobalSection(SolutionConfigurationPlatforms) = preSolution
		Debug|Any CPU = Debug|Any CPU
		Release|Any CPU = Release|Any CPU
	EndGlobalSection
	GlobalSection(ProjectConfigurationPlatforms) = postSolution
		{8BEA2B7A-C590-4F6B-BF9E-57CCEF232376}.Debug|Any CPU.ActiveCfg = Debug|Any CPU
		{8BEA2B7A-C590-4F6B-BF9E-57CCEF232376}.Debug|Any CPU.Build.0 = Debug|Any CPU
		{8BEA2B7A-C590-4F6B-BF9E-57CCEF232376}.Release|Any CPU.ActiveCfg = Release|Any CPU
		{8BEA2B7A-C590-4F6B-BF9E-57CCEF232376}.Release|Any CPU.Build.0 = Release|Any CPU
		{9735F40D-910D-40CE-BD0F-0D54CCE1C648}.Debug|Any CPU.ActiveCfg = Debug|Any CPU
		{9735F40D-910D-40CE-BD0F-0D54CCE1C648}.Debug|Any CPU.Build.0 = Debug|Any CPU
		{9735F40D-910D-40CE-BD0F-0D54CCE1C648}.Release|Any CPU.ActiveCfg = Release|Any CPU
		{9735F40D-910D-40CE-BD0F-0D54CCE1C648}.Release|Any CPU.Build.0 = Release|Any CPU
		{C4C3CF9E-31CC-4C56-86A5-8D364F8484C2}.Debug|Any CPU.ActiveCfg = Debug|Any CPU
		{C4C3CF9E-31CC-4C56-86A5-8D364F8484C2}.Debug|Any CPU.Build.0 = Debug|Any CPU
		{C4C3CF9E-31CC-4C56-86A5-8D364F8484C2}.Release|Any CPU.ActiveCfg = Release|Any CPU
		{C4C3CF9E-31CC-4C56-86A5-8D364F8484C2}.Release|Any CPU.Build.0 = Release|Any CPU
	EndGlobalSection
	GlobalSection(SolutionProperties) = preSolution
		HideSolutionNode = FALSE
	EndGlobalSection
	GlobalSection(ExtensibilityGlobals) = postSolution
		SolutionGuid = {283FCA70-C3C3-4BA3-B879-FB047456A84A}
	EndGlobalSection
EndGlobal
